FORGE
  remote: http://forge.puppetlabs.com
  specs:
    dcoxall/wordpress (1.0.0)
      jfryman/nginx (>= 0.0.5)
      puppetlabs/mysql (>= 2.0.1)
      saz/php (>= 1.0.4)
    jfryman/nginx (0.0.6)
      puppetlabs/apt (>= 1.0.0)
      puppetlabs/stdlib (>= 0.1.6)
    puppetlabs/apt (1.4.0)
      puppetlabs/stdlib (>= 2.2.1)
    puppetlabs/mysql (2.1.0)
      puppetlabs/stdlib (>= 2.2.1)
    puppetlabs/stdlib (4.1.0)
    saz/php (1.0.4)

DEPENDENCIES
  dcoxall/wordpress (>= 0)

